
Microsoft Visual Studio Solution File, Format Version 12.00
# Visual Studio Version 16
VisualStudioVersion = 25.0.1704.1
MinimumVisualStudioVersion = 10.0.40219.1
Project("{FAE04EC0-301F-11D3-BF4B-00C04F79EFBC}") = "LanguageTutor", "LanguageTutor.csproj", "{B043F11E-F765-41C1-80F9-927D4A7E1D14}"
EndProject
Global
	GlobalSection(SolutionConfigurationPlatforms) = preSolution
		Debug|Any CPU = Debug|Any CPU
		Release|Any CPU = Release|Any CPU
	EndGlobalSection
	GlobalSection(ProjectConfigurationPlatforms) = postSolution
		{B043F11E-F765-41C1-80F9-927D4A7E1D14}.Debug|Any CPU.ActiveCfg = Debug|Any CPU
		{B043F11E-F765-41C1-80F9-927D4A7E1D14}.Debug|Any CPU.Build.0 = Debug|Any CPU
		{B043F11E-F765-41C1-80F9-927D4A7E1D14}.Release|Any CPU.ActiveCfg = Release|Any CPU
		{B043F11E-F765-41C1-80F9-927D4A7E1D14}.Release|Any CPU.Build.0 = Release|Any CPU
	EndGlobalSection
	GlobalSection(SolutionProperties) = preSolution
		HideSolutionNode = FALSE
	EndGlobalSection
	GlobalSection(ExtensibilityGlobals) = postSolution
		SolutionGuid = {41073ED3-C8CB-4F71-ACAF-60D042CC16A9}
	EndGlobalSection
EndGlobal
